
Microsoft Visual Studio Solution File, Format Version 12.00
# Visual Studio Version 16
VisualStudioVersion = 16.0.28729.10
MinimumVisualStudioVersion = 10.0.40219.1
Project("{FAE04EC0-301F-11D3-BF4B-00C04F79EFBC}") = "Calculator", "Calculator\Calculator.csproj", "{F0C50967-56A8-46FA-B163-92EAC9592FB9}"
EndProject
Global
	GlobalSection(SolutionConfigurationPlatforms) = preSolution
		Debug|Any CPU = Debug|Any CPU
		Release|Any CPU = Release|Any CPU
	EndGlobalSection
	GlobalSection(ProjectConfigurationPlatforms) = postSolution
		{F0C50967-56A8-46FA-B163-92EAC9592FB9}.Debug|Any CPU.ActiveCfg = Debug|Any CPU
		{F0C50967-56A8-46FA-B163-92EAC9592FB9}.Debug|Any CPU.Build.0 = Debug|Any CPU
		{F0C50967-56A8-46FA-B163-92EAC9592FB9}.Release|Any CPU.ActiveCfg = Release|Any CPU
		{F0C50967-56A8-46FA-B163-92EAC9592FB9}.Release|Any CPU.Build.0 = Release|Any CPU
	EndGlobalSection
	GlobalSection(SolutionProperties) = preSolution
		HideSolutionNode = FALSE
	EndGlobalSection
	GlobalSection(ExtensibilityGlobals) = postSolution
		SolutionGuid = {CE0F6893-438F-424F-9513-6481A2E46B4F}
	EndGlobalSection
EndGlobal
